
Microsoft Visual Studio Solution File, Format Version 12.00
# Visual Studio Version 17
VisualStudioVersion = 17.4.33103.184
MinimumVisualStudioVersion = 10.0.40219.1
Project("{9A19103F-16F7-4668-BE54-9A1E7A4F7556}") = "Exercise_2", "Exercise_2\Exercise_2.csproj", "{CAB859A4-4DF0-4545-8530-41BCFE74E8FD}"
EndProject
Project("{9A19103F-16F7-4668-BE54-9A1E7A4F7556}") = "Exercise_1", "Exercise_1\Exercise_1.csproj", "{8F29349B-E991-4FF9-B2B9-49CFA94258CA}"
EndProject
Project("{9A19103F-16F7-4668-BE54-9A1E7A4F7556}") = "Exercise_4", "Exercise_4\Exercise_4.csproj", "{EC8E4860-4BCF-4173-B397-46D39DB0AAB2}"
EndProject
Project("{9A19103F-16F7-4668-BE54-9A1E7A4F7556}") = "Exercise_5", "Exercise_5\Exercise_5.csproj", "{7ED9F419-A88E-4CAD-AFF6-FAADB5816769}"
EndProject
Project("{FAE04EC0-301F-11D3-BF4B-00C04F79EFBC}") = "Exercise_3", "Exercise_5\Exercise_3\Exercise_3.csproj", "{2715A3D0-6DE7-4958-A375-8E9D9DD39188}"
EndProject
Project("{FAE04EC0-301F-11D3-BF4B-00C04F79EFBC}") = "Exercise_6", "Exercise_6\Exercise_6.csproj", "{E4E84EFF-52EE-4B0B-8D59-32616FF130B3}"
EndProject
Global
	GlobalSection(SolutionConfigurationPlatforms) = preSolution
		Debug|Any CPU = Debug|Any CPU
		Release|Any CPU = Release|Any CPU
	EndGlobalSection
	GlobalSection(ProjectConfigurationPlatforms) = postSolution
		{CAB859A4-4DF0-4545-8530-41BCFE74E8FD}.Debug|Any CPU.ActiveCfg = Debug|Any CPU
		{CAB859A4-4DF0-4545-8530-41BCFE74E8FD}.Debug|Any CPU.Build.0 = Debug|Any CPU
		{CAB859A4-4DF0-4545-8530-41BCFE74E8FD}.Release|Any CPU.ActiveCfg = Release|Any CPU
		{CAB859A4-4DF0-4545-8530-41BCFE74E8FD}.Release|Any CPU.Build.0 = Release|Any CPU
		{8F29349B-E991-4FF9-B2B9-49CFA94258CA}.Debug|Any CPU.ActiveCfg = Debug|Any CPU
		{8F29349B-E991-4FF9-B2B9-49CFA94258CA}.Debug|Any CPU.Build.0 = Debug|Any CPU
		{8F29349B-E991-4FF9-B2B9-49CFA94258CA}.Release|Any CPU.ActiveCfg = Release|Any CPU
		{8F29349B-E991-4FF9-B2B9-49CFA94258CA}.Release|Any CPU.Build.0 = Release|Any CPU
		{EC8E4860-4BCF-4173-B397-46D39DB0AAB2}.Debug|Any CPU.ActiveCfg = Debug|Any CPU
		{EC8E4860-4BCF-4173-B397-46D39DB0AAB2}.Debug|Any CPU.Build.0 = Debug|Any CPU
		{EC8E4860-4BCF-4173-B397-46D39DB0AAB2}.Release|Any CPU.ActiveCfg = Release|Any CPU
		{EC8E4860-4BCF-4173-B397-46D39DB0AAB2}.Release|Any CPU.Build.0 = Release|Any CPU
		{7ED9F419-A88E-4CAD-AFF6-FAADB5816769}.Debug|Any CPU.ActiveCfg = Debug|Any CPU
		{7ED9F419-A88E-4CAD-AFF6-FAADB5816769}.Debug|Any CPU.Build.0 = Debug|Any CPU
		{7ED9F419-A88E-4CAD-AFF6-FAADB5816769}.Release|Any CPU.ActiveCfg = Release|Any CPU
		{7ED9F419-A88E-4CAD-AFF6-FAADB5816769}.Release|Any CPU.Build.0 = Release|Any CPU
		{2715A3D0-6DE7-4958-A375-8E9D9DD39188}.Debug|Any CPU.ActiveCfg = Debug|Any CPU
		{2715A3D0-6DE7-4958-A375-8E9D9DD39188}.Debug|Any CPU.Build.0 = Debug|Any CPU
		{2715A3D0-6DE7-4958-A375-8E9D9DD39188}.Release|Any CPU.ActiveCfg = Release|Any CPU
		{2715A3D0-6DE7-4958-A375-8E9D9DD39188}.Release|Any CPU.Build.0 = Release|Any CPU
		{E4E84EFF-52EE-4B0B-8D59-32616FF130B3}.Debug|Any CPU.ActiveCfg = Debug|Any CPU
		{E4E84EFF-52EE-4B0B-8D59-32616FF130B3}.Debug|Any CPU.Build.0 = Debug|Any CPU
		{E4E84EFF-52EE-4B0B-8D59-32616FF130B3}.Release|Any CPU.ActiveCfg = Release|Any CPU
		{E4E84EFF-52EE-4B0B-8D59-32616FF130B3}.Release|Any CPU.Build.0 = Release|Any CPU
	EndGlobalSection
	GlobalSection(SolutionProperties) = preSolution
		HideSolutionNode = FALSE
	EndGlobalSection
	GlobalSection(ExtensibilityGlobals) = postSolution
		SolutionGuid = {EB59F6EA-A51C-4BE2-9099-B0513609DEB6}
	EndGlobalSection
EndGlobal
