
Microsoft Visual Studio Solution File, Format Version 12.00
# Visual Studio Version 17
VisualStudioVersion = 17.4.33103.184
MinimumVisualStudioVersion = 10.0.40219.1
Project("{9A19103F-16F7-4668-BE54-9A1E7A4F7556}") = "Exercise_1", "Exercise_1\Exercise_1.csproj", "{63A445A1-14BA-4D76-9A12-838004C1D665}"
EndProject
Project("{9A19103F-16F7-4668-BE54-9A1E7A4F7556}") = "Exercise_2", "Exercise_2\Exercise_2.csproj", "{EAE5E0D1-D06E-4C0A-A26B-159C6964D25A}"
EndProject
Project("{FAE04EC0-301F-11D3-BF4B-00C04F79EFBC}") = "Exercise_3", "Exercise_3\Exercise_3.csproj", "{FE476D69-4560-4D76-A2B9-709A1E960590}"
EndProject
Global
	GlobalSection(SolutionConfigurationPlatforms) = preSolution
		Debug|Any CPU = Debug|Any CPU
		Release|Any CPU = Release|Any CPU
	EndGlobalSection
	GlobalSection(ProjectConfigurationPlatforms) = postSolution
		{63A445A1-14BA-4D76-9A12-838004C1D665}.Debug|Any CPU.ActiveCfg = Debug|Any CPU
		{63A445A1-14BA-4D76-9A12-838004C1D665}.Debug|Any CPU.Build.0 = Debug|Any CPU
		{63A445A1-14BA-4D76-9A12-838004C1D665}.Release|Any CPU.ActiveCfg = Release|Any CPU
		{63A445A1-14BA-4D76-9A12-838004C1D665}.Release|Any CPU.Build.0 = Release|Any CPU
		{EAE5E0D1-D06E-4C0A-A26B-159C6964D25A}.Debug|Any CPU.ActiveCfg = Debug|Any CPU
		{EAE5E0D1-D06E-4C0A-A26B-159C6964D25A}.Debug|Any CPU.Build.0 = Debug|Any CPU
		{EAE5E0D1-D06E-4C0A-A26B-159C6964D25A}.Release|Any CPU.ActiveCfg = Release|Any CPU
		{EAE5E0D1-D06E-4C0A-A26B-159C6964D25A}.Release|Any CPU.Build.0 = Release|Any CPU
		{FE476D69-4560-4D76-A2B9-709A1E960590}.Debug|Any CPU.ActiveCfg = Debug|Any CPU
		{FE476D69-4560-4D76-A2B9-709A1E960590}.Debug|Any CPU.Build.0 = Debug|Any CPU
		{FE476D69-4560-4D76-A2B9-709A1E960590}.Release|Any CPU.ActiveCfg = Release|Any CPU
		{FE476D69-4560-4D76-A2B9-709A1E960590}.Release|Any CPU.Build.0 = Release|Any CPU
	EndGlobalSection
	GlobalSection(SolutionProperties) = preSolution
		HideSolutionNode = FALSE
	EndGlobalSection
	GlobalSection(ExtensibilityGlobals) = postSolution
		SolutionGuid = {A8A9F621-1274-4736-AED4-C3CB5574DEB4}
	EndGlobalSection
EndGlobal
